<?xml version="1.0" encoding="utf-8"?>
<Project ToolsVersion="4.0" xmlns="http://schemas.microsoft.com/developer/msbuild/2003">
  <ItemGroup>
    <Filter Include="Game">
      <UniqueIdentifier>{4FC737F1-C7A5-4376-A066-2A32D752A2FF}</UniqueIdentifier>
      <Extensions>cpp;h</Extensions>
    </Filter>
    <Filter Include="Library">
      <UniqueIdentifier>{3e1e3eaf-8a7a-4312-adfd-517513bb4b6d}</UniqueIdentifier>
    </Filter>
    <Filter Include="Library\DxLibHelper">
      <UniqueIdentifier>{7734c7ef-fb20-4977-b712-bf0712b1778c}</UniqueIdentifier>
    </Filter>
    <Filter Include="Library\Utilities">
      <UniqueIdentifier>{daae40c7-ff74-47e6-98c1-472de706acab}</UniqueIdentifier>
    </Filter>
    <Filter Include="Resources">
      <UniqueIdentifier>{67DA6AB6-F800-4c08-8B7A-83BB121AAD01}</UniqueIdentifier>
      <Extensions>
      </Extensions>
    </Filter>
    <Filter Include="Resources\Icon">
      <UniqueIdentifier>{69b206f7-9aa0-43f7-b91f-2f5604903f67}</UniqueIdentifier>
      <Extensions>rc;ico;</Extensions>
    </Filter>
    <Filter Include="Resources\Images">
      <UniqueIdentifier>{655e5925-f892-4d8e-9ffd-a9288677e783}</UniqueIdentifier>
      <Extensions>bmp;png;gif;jpg;jpeg;jpe;cur;dlg;rc2;rct;bin;rgs;resx;tiff;tif;mfcribbon-ms</Extensions>
    </Filter>
    <Filter Include="Resources\Sounds">
      <UniqueIdentifier>{0bbc1464-887f-45a8-9777-15cbd291435f}</UniqueIdentifier>
      <Extensions>wav;ogg;mp3</Extensions>
    </Filter>
  </ItemGroup>
  <ItemGroup>
    <ClCompile Include="WinMain.cpp" />
    <ClCompile Include="Game\GameMain.cpp">
      <Filter>Game</Filter>
    </ClCompile>
    <ClCompile Include="Libralies\DxLibHelper\GameLibGraphics.cpp">
      <Filter>Library\DxLibHelper</Filter>
    </ClCompile>
    <ClCompile Include="Libralies\DxLibHelper\GameLibInput.cpp">
      <Filter>Library\DxLibHelper</Filter>
    </ClCompile>
    <ClCompile Include="Libralies\DxLibHelper\GameLibMath.cpp">
      <Filter>Library\DxLibHelper</Filter>
    </ClCompile>
    <ClCompile Include="Libralies\DxLibHelper\GameLibSystem.cpp">
      <Filter>Library\DxLibHelper</Filter>
    </ClCompile>
    <ClCompile Include="Libralies\DxLibHelper\GameLibTime.cpp">
      <Filter>Library\DxLibHelper</Filter>
    </ClCompile>
  </ItemGroup>
  <ItemGroup>
    <ClInclude Include="Game\GameMain.h">
      <Filter>Game</Filter>
    </ClInclude>
    <ClInclude Include="Resources\Icon\Icon.h">
      <Filter>Resources\Icon</Filter>
    </ClInclude>
    <ClInclude Include="Libralies\GameLib.h">
      <Filter>Library</Filter>
    </ClInclude>
    <ClInclude Include="Libralies\Utilities\MemoryLeakDetector.h">
      <Filter>Library\Utilities</Filter>
    </ClInclude>
    <ClInclude Include="Libralies\DxLibHelper\GameLibGraphics.h">
      <Filter>Library\DxLibHelper</Filter>
    </ClInclude>
    <ClInclude Include="Libralies\DxLibHelper\GameLibInput.h">
      <Filter>Library\DxLibHelper</Filter>
    </ClInclude>
    <ClInclude Include="Libralies\DxLibHelper\GameLibMath.h">
      <Filter>Library\DxLibHelper</Filter>
    </ClInclude>
    <ClInclude Include="Libralies\DxLibHelper\GameLibSystem.h">
      <Filter>Library\DxLibHelper</Filter>
    </ClInclude>
    <ClInclude Include="Libralies\DxLibHelper\GameLibTime.h">
      <Filter>Library\DxLibHelper</Filter>
    </ClInclude>
  </ItemGroup>
  <ItemGroup>
    <Image Include="Resources\Icon\Icon.ico">
      <Filter>Resources\Icon</Filter>
    </Image>
  </ItemGroup>
  <ItemGroup>
    <ResourceCompile Include="Resources\Icon\Icon.rc">
      <Filter>Resources\Icon</Filter>
    </ResourceCompile>
  </ItemGroup>
</Project>